
Microsoft Visual Studio Solution File, Format Version 12.00
# Visual Studio Version 16
VisualStudioVersion = 16.0.30225.117
MinimumVisualStudioVersion = 10.0.40219.1
Project("{FAE04EC0-301F-11D3-BF4B-00C04F79EFBC}") = "IBA_Task_2", "IBA_Task_2\IBA_Task_2.csproj", "{ECD1E350-01E8-47EF-8DF0-6FF4D8DFBBDC}"
EndProject
Global
	GlobalSection(SolutionConfigurationPlatforms) = preSolution
		Debug|Any CPU = Debug|Any CPU
		Release|Any CPU = Release|Any CPU
	EndGlobalSection
	GlobalSection(ProjectConfigurationPlatforms) = postSolution
		{ECD1E350-01E8-47EF-8DF0-6FF4D8DFBBDC}.Debug|Any CPU.ActiveCfg = Debug|Any CPU
		{ECD1E350-01E8-47EF-8DF0-6FF4D8DFBBDC}.Debug|Any CPU.Build.0 = Debug|Any CPU
		{ECD1E350-01E8-47EF-8DF0-6FF4D8DFBBDC}.Release|Any CPU.ActiveCfg = Release|Any CPU
		{ECD1E350-01E8-47EF-8DF0-6FF4D8DFBBDC}.Release|Any CPU.Build.0 = Release|Any CPU
	EndGlobalSection
	GlobalSection(SolutionProperties) = preSolution
		HideSolutionNode = FALSE
	EndGlobalSection
	GlobalSection(ExtensibilityGlobals) = postSolution
		SolutionGuid = {0FAFF0AC-199C-413D-8888-C5E87F4DCE25}
	EndGlobalSection
EndGlobal
